
Microsoft Visual Studio Solution File, Format Version 12.00
# Visual Studio Version 17
VisualStudioVersion = 17.9.34728.123
MinimumVisualStudioVersion = 10.0.40219.1
Project("{9A19103F-16F7-4668-BE54-9A1E7A4F7556}") = "LoggerAction.Log", "LoggerAction.Log.csproj", "{94C1AF8E-847D-41F0-80B3-4A0B23368416}"
EndProject
Project("{2150E333-8FDC-42A3-9474-1A3956D46DE8}") = "tests", "tests", "{1E3DC1F0-E81A-4013-9E27-BEB5467F5006}"
EndProject
Project("{FAE04EC0-301F-11D3-BF4B-00C04F79EFBC}") = "LoggerAction.Log.Tests", "tests\LoggerAction.Log.Tests\LoggerAction.Log.Tests.csproj", "{716F5D94-E118-45B5-B752-9676F4C3FB3E}"
EndProject
Global
	GlobalSection(SolutionConfigurationPlatforms) = preSolution
		Debug|Any CPU = Debug|Any CPU
		Release|Any CPU = Release|Any CPU
	EndGlobalSection
	GlobalSection(ProjectConfigurationPlatforms) = postSolution
		{94C1AF8E-847D-41F0-80B3-4A0B23368416}.Debug|Any CPU.ActiveCfg = Debug|Any CPU
		{94C1AF8E-847D-41F0-80B3-4A0B23368416}.Debug|Any CPU.Build.0 = Debug|Any CPU
		{94C1AF8E-847D-41F0-80B3-4A0B23368416}.Release|Any CPU.ActiveCfg = Release|Any CPU
		{94C1AF8E-847D-41F0-80B3-4A0B23368416}.Release|Any CPU.Build.0 = Release|Any CPU
		{716F5D94-E118-45B5-B752-9676F4C3FB3E}.Debug|Any CPU.ActiveCfg = Debug|Any CPU
		{716F5D94-E118-45B5-B752-9676F4C3FB3E}.Debug|Any CPU.Build.0 = Debug|Any CPU
		{716F5D94-E118-45B5-B752-9676F4C3FB3E}.Release|Any CPU.ActiveCfg = Release|Any CPU
		{716F5D94-E118-45B5-B752-9676F4C3FB3E}.Release|Any CPU.Build.0 = Release|Any CPU
	EndGlobalSection
	GlobalSection(SolutionProperties) = preSolution
		HideSolutionNode = FALSE
	EndGlobalSection
	GlobalSection(ExtensibilityGlobals) = postSolution
		SolutionGuid = {338A1C94-6A76-4E46-99BF-7AC0B68C6B01}
	EndGlobalSection
	GlobalSection(NestedProjects) = preSolution
		{716F5D94-E118-45B5-B752-9676F4C3FB3E} = {1E3DC1F0-E81A-4013-9E27-BEB5467F5006}
	EndGlobalSection
EndGlobal
